
Microsoft Visual Studio Solution File, Format Version 12.00
# Visual Studio 14
VisualStudioVersion = 14.0.25420.1
MinimumVisualStudioVersion = 10.0.40219.1
Project("{8BB2217D-0F2D-49D1-97BC-3654ED321F3B}") = "AussieTowns", "AussieTowns\AussieTowns.xproj", "{92087336-31E3-4161-8C5C-AD0AA791789A}"
EndProject
Project("{8BB2217D-0F2D-49D1-97BC-3654ED321F3B}") = "AussieTown.VueClient", "AussieTown.VueClient\AussieTown.VueClient.xproj", "{179FDBA8-13FD-428A-8456-D60331BF5A2D}"
EndProject
Project("{8BB2217D-0F2D-49D1-97BC-3654ED321F3B}") = "AussieTown.WebApi", "AussieTown.WebApi\AussieTown.WebApi.xproj", "{E34576B0-2B20-4DFD-BB26-D9F6B8CC360D}"
EndProject
Project("{FAE04EC0-301F-11D3-BF4B-00C04F79EFBC}") = "AussieTowns.Test", "AussieTowns.Test\AussieTowns.Test.csproj", "{DB039429-8022-4691-B765-3C607D4CEBC2}"
EndProject
Global
	GlobalSection(SolutionConfigurationPlatforms) = preSolution
		Debug|Any CPU = Debug|Any CPU
		Release|Any CPU = Release|Any CPU
	EndGlobalSection
	GlobalSection(ProjectConfigurationPlatforms) = postSolution
		{92087336-31E3-4161-8C5C-AD0AA791789A}.Debug|Any CPU.ActiveCfg = Debug|Any CPU
		{92087336-31E3-4161-8C5C-AD0AA791789A}.Debug|Any CPU.Build.0 = Debug|Any CPU
		{92087336-31E3-4161-8C5C-AD0AA791789A}.Release|Any CPU.ActiveCfg = Release|Any CPU
		{92087336-31E3-4161-8C5C-AD0AA791789A}.Release|Any CPU.Build.0 = Release|Any CPU
		{179FDBA8-13FD-428A-8456-D60331BF5A2D}.Debug|Any CPU.ActiveCfg = Debug|Any CPU
		{179FDBA8-13FD-428A-8456-D60331BF5A2D}.Debug|Any CPU.Build.0 = Debug|Any CPU
		{179FDBA8-13FD-428A-8456-D60331BF5A2D}.Release|Any CPU.ActiveCfg = Release|Any CPU
		{179FDBA8-13FD-428A-8456-D60331BF5A2D}.Release|Any CPU.Build.0 = Release|Any CPU
		{E34576B0-2B20-4DFD-BB26-D9F6B8CC360D}.Debug|Any CPU.ActiveCfg = Debug|Any CPU
		{E34576B0-2B20-4DFD-BB26-D9F6B8CC360D}.Debug|Any CPU.Build.0 = Debug|Any CPU
		{E34576B0-2B20-4DFD-BB26-D9F6B8CC360D}.Release|Any CPU.ActiveCfg = Release|Any CPU
		{E34576B0-2B20-4DFD-BB26-D9F6B8CC360D}.Release|Any CPU.Build.0 = Release|Any CPU
		{DB039429-8022-4691-B765-3C607D4CEBC2}.Debug|Any CPU.ActiveCfg = Debug|Any CPU
		{DB039429-8022-4691-B765-3C607D4CEBC2}.Debug|Any CPU.Build.0 = Debug|Any CPU
		{DB039429-8022-4691-B765-3C607D4CEBC2}.Release|Any CPU.ActiveCfg = Release|Any CPU
		{DB039429-8022-4691-B765-3C607D4CEBC2}.Release|Any CPU.Build.0 = Release|Any CPU
	EndGlobalSection
	GlobalSection(SolutionProperties) = preSolution
		HideSolutionNode = FALSE
	EndGlobalSection
EndGlobal
